
Microsoft Visual Studio Solution File, Format Version 12.00
# Visual Studio 14
VisualStudioVersion = 14.0.24720.0
MinimumVisualStudioVersion = 10.0.40219.1
Project("{FAE04EC0-301F-11D3-BF4B-00C04F79EFBC}") = "WindowsFormsApplication1", "WindowsFormsApplication1\WindowsFormsApplication1.csproj", "{8AF81FE8-A859-4496-AFE2-B3E94F993E6A}"
	ProjectSection(ProjectDependencies) = postProject
		{3F83430B-ED7F-46C4-8EE5-34C97492B10F} = {3F83430B-ED7F-46C4-8EE5-34C97492B10F}
	EndProjectSection
EndProject
Project("{FAE04EC0-301F-11D3-BF4B-00C04F79EFBC}") = "AccessSQLService", "..\..\..\..\Desktop\C# and JavaScript\JSWindowsStoreAppAccessSQLServer\AccessSQLService\AccessSQLService.csproj", "{3F83430B-ED7F-46C4-8EE5-34C97492B10F}"
EndProject
Global
	GlobalSection(SolutionConfigurationPlatforms) = preSolution
		Debug|Any CPU = Debug|Any CPU
		Release|Any CPU = Release|Any CPU
	EndGlobalSection
	GlobalSection(ProjectConfigurationPlatforms) = postSolution
		{8AF81FE8-A859-4496-AFE2-B3E94F993E6A}.Debug|Any CPU.ActiveCfg = Debug|Any CPU
		{8AF81FE8-A859-4496-AFE2-B3E94F993E6A}.Debug|Any CPU.Build.0 = Debug|Any CPU
		{8AF81FE8-A859-4496-AFE2-B3E94F993E6A}.Release|Any CPU.ActiveCfg = Release|Any CPU
		{8AF81FE8-A859-4496-AFE2-B3E94F993E6A}.Release|Any CPU.Build.0 = Release|Any CPU
		{3F83430B-ED7F-46C4-8EE5-34C97492B10F}.Debug|Any CPU.ActiveCfg = Debug|Any CPU
		{3F83430B-ED7F-46C4-8EE5-34C97492B10F}.Debug|Any CPU.Build.0 = Debug|Any CPU
		{3F83430B-ED7F-46C4-8EE5-34C97492B10F}.Release|Any CPU.ActiveCfg = Release|Any CPU
		{3F83430B-ED7F-46C4-8EE5-34C97492B10F}.Release|Any CPU.Build.0 = Release|Any CPU
	EndGlobalSection
	GlobalSection(SolutionProperties) = preSolution
		HideSolutionNode = FALSE
	EndGlobalSection
EndGlobal
